// !$*UTF8*$!
{
	archiveVersion = 1;
	classes = {
	};
	objectVersion = 56;
	objects = {

/* Begin PBXBuildFile section */
		A9A347B92C18940A00F03B8E /* OvyoSegmentedControlSwiftUIExampleApp.swift in Sources */ = {isa = PBXBuildFile; fileRef = A9A347B82C18940A00F03B8E /* OvyoSegmentedControlSwiftUIExampleApp.swift */; };
		A9A347BB2C18940A00F03B8E /* ContentView.swift in Sources */ = {isa = PBXBuildFile; fileRef = A9A347BA2C18940A00F03B8E /* ContentView.swift */; };
		A9A347BD2C18940C00F03B8E /* Assets.xcassets in Resources */ = {isa = PBXBuildFile; fileRef = A9A347BC2C18940C00F03B8E /* Assets.xcassets */; };
		A9A347C02C18940C00F03B8E /* Preview Assets.xcassets in Resources */ = {isa = PBXBuildFile; fileRef = A9A347BF2C18940C00F03B8E /* Preview Assets.xcassets */; };
		A9A347CA2C18940C00F03B8E /* OvyoSegmentedControlSwiftUIExampleTests.swift in Sources */ = {isa = PBXBuildFile; fileRef = A9A347C92C18940C00F03B8E /* OvyoSegmentedControlSwiftUIExampleTests.swift */; };
		A9A347D42C18940C00F03B8E /* OvyoSegmentedControlSwiftUIExampleUITests.swift in Sources */ = {isa = PBXBuildFile; fileRef = A9A347D32C18940C00F03B8E /* OvyoSegmentedControlSwiftUIExampleUITests.swift */; };
		A9A347D62C18940C00F03B8E /* OvyoSegmentedControlSwiftUIExampleUITestsLaunchTests.swift in Sources */ = {isa = PBXBuildFile; fileRef = A9A347D52C18940C00F03B8E /* OvyoSegmentedControlSwiftUIExampleUITestsLaunchTests.swift */; };
		A9A347E42C18948900F03B8E /* OvyoSegmentedControlPackage in Frameworks */ = {isa = PBXBuildFile; productRef = A9A347E32C18948900F03B8E /* OvyoSegmentedControlPackage */; };
/* End PBXBuildFile section */

/* Begin PBXContainerItemProxy section */
		A9A347C62C18940C00F03B8E /* PBXContainerItemProxy */ = {
			isa = PBXContainerItemProxy;
			containerPortal = A9A347AD2C18940A00F03B8E /* Project object */;
			proxyType = 1;
			remoteGlobalIDString = A9A347B42C18940A00F03B8E;
			remoteInfo = OvyoSegmentedControlSwiftUIExample;
		};
		A9A347D02C18940C00F03B8E /* PBXContainerItemProxy */ = {
			isa = PBXContainerItemProxy;
			containerPortal = A9A347AD2C18940A00F03B8E /* Project object */;
			proxyType = 1;
			remoteGlobalIDString = A9A347B42C18940A00F03B8E;
			remoteInfo = OvyoSegmentedControlSwiftUIExample;
		};
/* End PBXContainerItemProxy section */

/* Begin PBXFileReference section */
		A9A347B52C18940A00F03B8E /* OvyoSegmentedControlSwiftUIExample.app */ = {isa = PBXFileReference; explicitFileType = wrapper.application; includeInIndex = 0; path = OvyoSegmentedControlSwiftUIExample.app; sourceTree = BUILT_PRODUCTS_DIR; };
		A9A347B82C18940A00F03B8E /* OvyoSegmentedControlSwiftUIExampleApp.swift */ = {isa = PBXFileReference; lastKnownFileType = sourcecode.swift; path = OvyoSegmentedControlSwiftUIExampleApp.swift; sourceTree = "<group>"; };
		A9A347BA2C18940A00F03B8E /* ContentView.swift */ = {isa = PBXFileReference; lastKnownFileType = sourcecode.swift; path = ContentView.swift; sourceTree = "<group>"; };
		A9A347BC2C18940C00F03B8E /* Assets.xcassets */ = {isa = PBXFileReference; lastKnownFileType = folder.assetcatalog; path = Assets.xcassets; sourceTree = "<group>"; };
		A9A347BF2C18940C00F03B8E /* Preview Assets.xcassets */ = {isa = PBXFileReference; lastKnownFileType = folder.assetcatalog; path = "Preview Assets.xcassets"; sourceTree = "<group>"; };
		A9A347C52C18940C00F03B8E /* OvyoSegmentedControlSwiftUIExampleTests.xctest */ = {isa = PBXFileReference; explicitFileType = wrapper.cfbundle; includeInIndex = 0; path = OvyoSegmentedControlSwiftUIExampleTests.xctest; sourceTree = BUILT_PRODUCTS_DIR; };
		A9A347C92C18940C00F03B8E /* OvyoSegmentedControlSwiftUIExampleTests.swift */ = {isa = PBXFileReference; lastKnownFileType = sourcecode.swift; path = OvyoSegmentedControlSwiftUIExampleTests.swift; sourceTree = "<group>"; };
		A9A347CF2C18940C00F03B8E /* OvyoSegmentedControlSwiftUIExampleUITests.xctest */ = {isa = PBXFileReference; explicitFileType = wrapper.cfbundle; includeInIndex = 0; path = OvyoSegmentedControlSwiftUIExampleUITests.xctest; sourceTree = BUILT_PRODUCTS_DIR; };
		A9A347D32C18940C00F03B8E /* OvyoSegmentedControlSwiftUIExampleUITests.swift */ = {isa = PBXFileReference; lastKnownFileType = sourcecode.swift; path = OvyoSegmentedControlSwiftUIExampleUITests.swift; sourceTree = "<group>"; };
		A9A347D52C18940C00F03B8E /* OvyoSegmentedControlSwiftUIExampleUITestsLaunchTests.swift */ = {isa = PBXFileReference; lastKnownFileType = sourcecode.swift; path = OvyoSegmentedControlSwiftUIExampleUITestsLaunchTests.swift; sourceTree = "<group>"; };
/* End PBXFileReference section */

/* Begin PBXFrameworksBuildPhase section */
		A9A347B22C18940A00F03B8E /* Frameworks */ = {
			isa = PBXFrameworksBuildPhase;
			buildActionMask = 2147483647;
			files = (
				A9A347E42C18948900F03B8E /* OvyoSegmentedControlPackage in Frameworks */,
			);
			runOnlyForDeploymentPostprocessing = 0;
		};
		A9A347C22C18940C00F03B8E /* Frameworks */ = {
			isa = PBXFrameworksBuildPhase;
			buildActionMask = 2147483647;
			files = (
			);
			runOnlyForDeploymentPostprocessing = 0;
		};
		A9A347CC2C18940C00F03B8E /* Frameworks */ = {
			isa = PBXFrameworksBuildPhase;
			buildActionMask = 2147483647;
			files = (
			);
			runOnlyForDeploymentPostprocessing = 0;
		};
/* End PBXFrameworksBuildPhase section */

/* Begin PBXGroup section */
		A9A347AC2C18940A00F03B8E = {
			isa = PBXGroup;
			children = (
				A9A347B72C18940A00F03B8E /* OvyoSegmentedControlSwiftUIExample */,
				A9A347C82C18940C00F03B8E /* OvyoSegmentedControlSwiftUIExampleTests */,
				A9A347D22C18940C00F03B8E /* OvyoSegmentedControlSwiftUIExampleUITests */,
				A9A347B62C18940A00F03B8E /* Products */,
			);
			sourceTree = "<group>";
		};
		A9A347B62C18940A00F03B8E /* Products */ = {
			isa = PBXGroup;
			children = (
				A9A347B52C18940A00F03B8E /* OvyoSegmentedControlSwiftUIExample.app */,
				A9A347C52C18940C00F03B8E /* OvyoSegmentedControlSwiftUIExampleTests.xctest */,
				A9A347CF2C18940C00F03B8E /* OvyoSegmentedControlSwiftUIExampleUITests.xctest */,
			);
			name = Products;
			sourceTree = "<group>";
		};
		A9A347B72C18940A00F03B8E /* OvyoSegmentedControlSwiftUIExample */ = {
			isa = PBXGroup;
			children = (
				A9A347B82C18940A00F03B8E /* OvyoSegmentedControlSwiftUIExampleApp.swift */,
				A9A347BA2C18940A00F03B8E /* ContentView.swift */,
				A9A347BC2C18940C00F03B8E /* Assets.xcassets */,
				A9A347BE2C18940C00F03B8E /* Preview Content */,
			);
			path = OvyoSegmentedControlSwiftUIExample;
			sourceTree = "<group>";
		};
		A9A347BE2C18940C00F03B8E /* Preview Content */ = {
			isa = PBXGroup;
			children = (
				A9A347BF2C18940C00F03B8E /* Preview Assets.xcassets */,
			);
			path = "Preview Content";
			sourceTree = "<group>";
		};
		A9A347C82C18940C00F03B8E /* OvyoSegmentedControlSwiftUIExampleTests */ = {
			isa = PBXGroup;
			children = (
				A9A347C92C18940C00F03B8E /* OvyoSegmentedControlSwiftUIExampleTests.swift */,
			);
			path = OvyoSegmentedControlSwiftUIExampleTests;
			sourceTree = "<group>";
		};
		A9A347D22C18940C00F03B8E /* OvyoSegmentedControlSwiftUIExampleUITests */ = {
			isa = PBXGroup;
			children = (
				A9A347D32C18940C00F03B8E /* OvyoSegmentedControlSwiftUIExampleUITests.swift */,
				A9A347D52C18940C00F03B8E /* OvyoSegmentedControlSwiftUIExampleUITestsLaunchTests.swift */,
			);
			path = OvyoSegmentedControlSwiftUIExampleUITests;
			sourceTree = "<group>";
		};
/* End PBXGroup section */

/* Begin PBXNativeTarget section */
		A9A347B42C18940A00F03B8E /* OvyoSegmentedControlSwiftUIExample */ = {
			isa = PBXNativeTarget;
			buildConfigurationList = A9A347D92C18940C00F03B8E /* Build configuration list for PBXNativeTarget "OvyoSegmentedControlSwiftUIExample" */;
			buildPhases = (
				A9A347B12C18940A00F03B8E /* Sources */,
				A9A347B22C18940A00F03B8E /* Frameworks */,
				A9A347B32C18940A00F03B8E /* Resources */,
			);
			buildRules = (
			);
			dependencies = (
			);
			name = OvyoSegmentedControlSwiftUIExample;
			packageProductDependencies = (
				A9A347E32C18948900F03B8E /* OvyoSegmentedControlPackage */,
			);
			productName = OvyoSegmentedControlSwiftUIExample;
			productReference = A9A347B52C18940A00F03B8E /* OvyoSegmentedControlSwiftUIExample.app */;
			productType = "com.apple.product-type.application";
		};
		A9A347C42C18940C00F03B8E /* OvyoSegmentedControlSwiftUIExampleTests */ = {
			isa = PBXNativeTarget;
			buildConfigurationList = A9A347DC2C18940C00F03B8E /* Build configuration list for PBXNativeTarget "OvyoSegmentedControlSwiftUIExampleTests" */;
			buildPhases = (
				A9A347C12C18940C00F03B8E /* Sources */,
				A9A347C22C18940C00F03B8E /* Frameworks */,
				A9A347C32C18940C00F03B8E /* Resources */,
			);
			buildRules = (
			);
			dependencies = (
				A9A347C72C18940C00F03B8E /* PBXTargetDependency */,
			);
			name = OvyoSegmentedControlSwiftUIExampleTests;
			productName = OvyoSegmentedControlSwiftUIExampleTests;
			productReference = A9A347C52C18940C00F03B8E /* OvyoSegmentedControlSwiftUIExampleTests.xctest */;
			productType = "com.apple.product-type.bundle.unit-test";
		};
		A9A347CE2C18940C00F03B8E /* OvyoSegmentedControlSwiftUIExampleUITests */ = {
			isa = PBXNativeTarget;
			buildConfigurationList = A9A347DF2C18940C00F03B8E /* Build configuration list for PBXNativeTarget "OvyoSegmentedControlSwiftUIExampleUITests" */;
			buildPhases = (
				A9A347CB2C18940C00F03B8E /* Sources */,
				A9A347CC2C18940C00F03B8E /* Frameworks */,
				A9A347CD2C18940C00F03B8E /* Resources */,
			);
			buildRules = (
			);
			dependencies = (
				A9A347D12C18940C00F03B8E /* PBXTargetDependency */,
			);
			name = OvyoSegmentedControlSwiftUIExampleUITests;
			productName = OvyoSegmentedControlSwiftUIExampleUITests;
			productReference = A9A347CF2C18940C00F03B8E /* OvyoSegmentedControlSwiftUIExampleUITests.xctest */;
			productType = "com.apple.product-type.bundle.ui-testing";
		};
/* End PBXNativeTarget section */

/* Begin PBXProject section */
		A9A347AD2C18940A00F03B8E /* Project object */ = {
			isa = PBXProject;
			attributes = {
				BuildIndependentTargetsInParallel = 1;
				LastSwiftUpdateCheck = 1520;
				LastUpgradeCheck = 1520;
				TargetAttributes = {
					A9A347B42C18940A00F03B8E = {
						CreatedOnToolsVersion = 15.2;
					};
					A9A347C42C18940C00F03B8E = {
						CreatedOnToolsVersion = 15.2;
						TestTargetID = A9A347B42C18940A00F03B8E;
					};
					A9A347CE2C18940C00F03B8E = {
						CreatedOnToolsVersion = 15.2;
						TestTargetID = A9A347B42C18940A00F03B8E;
					};
				};
			};
			buildConfigurationList = A9A347B02C18940A00F03B8E /* Build configuration list for PBXProject "OvyoSegmentedControlSwiftUIExample" */;
			compatibilityVersion = "Xcode 14.0";
			developmentRegion = en;
			hasScannedForEncodings = 0;
			knownRegions = (
				en,
				Base,
			);
			mainGroup = A9A347AC2C18940A00F03B8E;
			packageReferences = (
				A9A347E22C18948900F03B8E /* XCRemoteSwiftPackageReference "OvyoSegmentedControl" */,
			);
			productRefGroup = A9A347B62C18940A00F03B8E /* Products */;
			projectDirPath = "";
			projectRoot = "";
			targets = (
				A9A347B42C18940A00F03B8E /* OvyoSegmentedControlSwiftUIExample */,
				A9A347C42C18940C00F03B8E /* OvyoSegmentedControlSwiftUIExampleTests */,
				A9A347CE2C18940C00F03B8E /* OvyoSegmentedControlSwiftUIExampleUITests */,
			);
		};
/* End PBXProject section */

/* Begin PBXResourcesBuildPhase section */
		A9A347B32C18940A00F03B8E /* Resources */ = {
			isa = PBXResourcesBuildPhase;
			buildActionMask = 2147483647;
			files = (
				A9A347C02C18940C00F03B8E /* Preview Assets.xcassets in Resources */,
				A9A347BD2C18940C00F03B8E /* Assets.xcassets in Resources */,
			);
			runOnlyForDeploymentPostprocessing = 0;
		};
		A9A347C32C18940C00F03B8E /* Resources */ = {
			isa = PBXResourcesBuildPhase;
			buildActionMask = 2147483647;
			files = (
			);
			runOnlyForDeploymentPostprocessing = 0;
		};
		A9A347CD2C18940C00F03B8E /* Resources */ = {
			isa = PBXResourcesBuildPhase;
			buildActionMask = 2147483647;
			files = (
			);
			runOnlyForDeploymentPostprocessing = 0;
		};
/* End PBXResourcesBuildPhase section */

/* Begin PBXSourcesBuildPhase section */
		A9A347B12C18940A00F03B8E /* Sources */ = {
			isa = PBXSourcesBuildPhase;
			buildActionMask = 2147483647;
			files = (
				A9A347BB2C18940A00F03B8E /* ContentView.swift in Sources */,
				A9A347B92C18940A00F03B8E /* OvyoSegmentedControlSwiftUIExampleApp.swift in Sources */,
			);
			runOnlyForDeploymentPostprocessing = 0;
		};
		A9A347C12C18940C00F03B8E /* Sources */ = {
			isa = PBXSourcesBuildPhase;
			buildActionMask = 2147483647;
			files = (
				A9A347CA2C18940C00F03B8E /* OvyoSegmentedControlSwiftUIExampleTests.swift in Sources */,
			);
			runOnlyForDeploymentPostprocessing = 0;
		};
		A9A347CB2C18940C00F03B8E /* Sources */ = {
			isa = PBXSourcesBuildPhase;
			buildActionMask = 2147483647;
			files = (
				A9A347D42C18940C00F03B8E /* OvyoSegmentedControlSwiftUIExampleUITests.swift in Sources */,
				A9A347D62C18940C00F03B8E /* OvyoSegmentedControlSwiftUIExampleUITestsLaunchTests.swift in Sources */,
			);
			runOnlyForDeploymentPostprocessing = 0;
		};
/* End PBXSourcesBuildPhase section */

/* Begin PBXTargetDependency section */
		A9A347C72C18940C00F03B8E /* PBXTargetDependency */ = {
			isa = PBXTargetDependency;
			target = A9A347B42C18940A00F03B8E /* OvyoSegmentedControlSwiftUIExample */;
			targetProxy = A9A347C62C18940C00F03B8E /* PBXContainerItemProxy */;
		};
		A9A347D12C18940C00F03B8E /* PBXTargetDependency */ = {
			isa = PBXTargetDependency;
			target = A9A347B42C18940A00F03B8E /* OvyoSegmentedControlSwiftUIExample */;
			targetProxy = A9A347D02C18940C00F03B8E /* PBXContainerItemProxy */;
		};
/* End PBXTargetDependency section */

/* Begin XCBuildConfiguration section */
		A9A347D72C18940C00F03B8E /* Debug */ = {
			isa = XCBuildConfiguration;
			buildSettings = {
				ALWAYS_SEARCH_USER_PATHS = NO;
				ASSETCATALOG_COMPILER_GENERATE_SWIFT_ASSET_SYMBOL_EXTENSIONS = YES;
				CLANG_ANALYZER_NONNULL = YES;
				CLANG_ANALYZER_NUMBER_OBJECT_CONVERSION = YES_AGGRESSIVE;
				CLANG_CXX_LANGUAGE_STANDARD = "gnu++20";
				CLANG_ENABLE_MODULES = YES;
				CLANG_ENABLE_OBJC_ARC = YES;
				CLANG_ENABLE_OBJC_WEAK = YES;
				CLANG_WARN_BLOCK_CAPTURE_AUTORELEASING = YES;
				CLANG_WARN_BOOL_CONVERSION = YES;
				CLANG_WARN_COMMA = YES;
				CLANG_WARN_CONSTANT_CONVERSION = YES;
				CLANG_WARN_DEPRECATED_OBJC_IMPLEMENTATIONS = YES;
				CLANG_WARN_DIRECT_OBJC_ISA_USAGE = YES_ERROR;
				CLANG_WARN_DOCUMENTATION_COMMENTS = YES;
				CLANG_WARN_EMPTY_BODY = YES;
				CLANG_WARN_ENUM_CONVERSION = YES;
				CLANG_WARN_INFINITE_RECURSION = YES;
				CLANG_WARN_INT_CONVERSION = YES;
				CLANG_WARN_NON_LITERAL_NULL_CONVERSION = YES;
				CLANG_WARN_OBJC_IMPLICIT_RETAIN_SELF = YES;
				CLANG_WARN_OBJC_LITERAL_CONVERSION = YES;
				CLANG_WARN_OBJC_ROOT_CLASS = YES_ERROR;
				CLANG_WARN_QUOTED_INCLUDE_IN_FRAMEWORK_HEADER = YES;
				CLANG_WARN_RANGE_LOOP_ANALYSIS = YES;
				CLANG_WARN_STRICT_PROTOTYPES = YES;
				CLANG_WARN_SUSPICIOUS_MOVE = YES;
				CLANG_WARN_UNGUARDED_AVAILABILITY = YES_AGGRESSIVE;
				CLANG_WARN_UNREACHABLE_CODE = YES;
				CLANG_WARN__DUPLICATE_METHOD_MATCH = YES;
				COPY_PHASE_STRIP = NO;
				DEBUG_INFORMATION_FORMAT = dwarf;
				ENABLE_STRICT_OBJC_MSGSEND = YES;
				ENABLE_TESTABILITY = YES;
				ENABLE_USER_SCRIPT_SANDBOXING = YES;
				GCC_C_LANGUAGE_STANDARD = gnu17;
				GCC_DYNAMIC_NO_PIC = NO;
				GCC_NO_COMMON_BLOCKS = YES;
				GCC_OPTIMIZATION_LEVEL = 0;
				GCC_PREPROCESSOR_DEFINITIONS = (
					"DEBUG=1",
					"$(inherited)",
				);
				GCC_WARN_64_TO_32_BIT_CONVERSION = YES;
				GCC_WARN_ABOUT_RETURN_TYPE = YES_ERROR;
				GCC_WARN_UNDECLARED_SELECTOR = YES;
				GCC_WARN_UNINITIALIZED_AUTOS = YES_AGGRESSIVE;
				GCC_WARN_UNUSED_FUNCTION = YES;
				GCC_WARN_UNUSED_VARIABLE = YES;
				IPHONEOS_DEPLOYMENT_TARGET = 17.2;
				LOCALIZATION_PREFERS_STRING_CATALOGS = YES;
				MTL_ENABLE_DEBUG_INFO = INCLUDE_SOURCE;
				MTL_FAST_MATH = YES;
				ONLY_ACTIVE_ARCH = YES;
				SDKROOT = iphoneos;
				SWIFT_ACTIVE_COMPILATION_CONDITIONS = "DEBUG $(inherited)";
				SWIFT_OPTIMIZATION_LEVEL = "-Onone";
			};
			name = Debug;
		};
		A9A347D82C18940C00F03B8E /* Release */ = {
			isa = XCBuildConfiguration;
			buildSettings = {
				ALWAYS_SEARCH_USER_PATHS = NO;
				ASSETCATALOG_COMPILER_GENERATE_SWIFT_ASSET_SYMBOL_EXTENSIONS = YES;
				CLANG_ANALYZER_NONNULL = YES;
				CLANG_ANALYZER_NUMBER_OBJECT_CONVERSION = YES_AGGRESSIVE;
				CLANG_CXX_LANGUAGE_STANDARD = "gnu++20";
				CLANG_ENABLE_MODULES = YES;
				CLANG_ENABLE_OBJC_ARC = YES;
				CLANG_ENABLE_OBJC_WEAK = YES;
				CLANG_WARN_BLOCK_CAPTURE_AUTORELEASING = YES;
				CLANG_WARN_BOOL_CONVERSION = YES;
				CLANG_WARN_COMMA = YES;
				CLANG_WARN_CONSTANT_CONVERSION = YES;
				CLANG_WARN_DEPRECATED_OBJC_IMPLEMENTATIONS = YES;
				CLANG_WARN_DIRECT_OBJC_ISA_USAGE = YES_ERROR;
				CLANG_WARN_DOCUMENTATION_COMMENTS = YES;
				CLANG_WARN_EMPTY_BODY = YES;
				CLANG_WARN_ENUM_CONVERSION = YES;
				CLANG_WARN_INFINITE_RECURSION = YES;
				CLANG_WARN_INT_CONVERSION = YES;
				CLANG_WARN_NON_LITERAL_NULL_CONVERSION = YES;
				CLANG_WARN_OBJC_IMPLICIT_RETAIN_SELF = YES;
				CLANG_WARN_OBJC_LITERAL_CONVERSION = YES;
				CLANG_WARN_OBJC_ROOT_CLASS = YES_ERROR;
				CLANG_WARN_QUOTED_INCLUDE_IN_FRAMEWORK_HEADER = YES;
				CLANG_WARN_RANGE_LOOP_ANALYSIS = YES;
				CLANG_WARN_STRICT_PROTOTYPES = YES;
				CLANG_WARN_SUSPICIOUS_MOVE = YES;
				CLANG_WARN_UNGUARDED_AVAILABILITY = YES_AGGRESSIVE;
				CLANG_WARN_UNREACHABLE_CODE = YES;
				CLANG_WARN__DUPLICATE_METHOD_MATCH = YES;
				COPY_PHASE_STRIP = NO;
				DEBUG_INFORMATION_FORMAT = "dwarf-with-dsym";
				ENABLE_NS_ASSERTIONS = NO;
				ENABLE_STRICT_OBJC_MSGSEND = YES;
				ENABLE_USER_SCRIPT_SANDBOXING = YES;
				GCC_C_LANGUAGE_STANDARD = gnu17;
				GCC_NO_COMMON_BLOCKS = YES;
				GCC_WARN_64_TO_32_BIT_CONVERSION = YES;
				GCC_WARN_ABOUT_RETURN_TYPE = YES_ERROR;
				GCC_WARN_UNDECLARED_SELECTOR = YES;
				GCC_WARN_UNINITIALIZED_AUTOS = YES_AGGRESSIVE;
				GCC_WARN_UNUSED_FUNCTION = YES;
				GCC_WARN_UNUSED_VARIABLE = YES;
				IPHONEOS_DEPLOYMENT_TARGET = 17.2;
				LOCALIZATION_PREFERS_STRING_CATALOGS = YES;
				MTL_ENABLE_DEBUG_INFO = NO;
				MTL_FAST_MATH = YES;
				SDKROOT = iphoneos;
				SWIFT_COMPILATION_MODE = wholemodule;
				VALIDATE_PRODUCT = YES;
			};
			name = Release;
		};
		A9A347DA2C18940C00F03B8E /* Debug */ = {
			isa = XCBuildConfiguration;
			buildSettings = {
				ASSETCATALOG_COMPILER_APPICON_NAME = AppIcon;
				ASSETCATALOG_COMPILER_GLOBAL_ACCENT_COLOR_NAME = AccentColor;
				CODE_SIGN_STYLE = Automatic;
				CURRENT_PROJECT_VERSION = 1;
				DEVELOPMENT_ASSET_PATHS = "\"OvyoSegmentedControlSwiftUIExample/Preview Content\"";
				DEVELOPMENT_TEAM = 779VENNDZ9;
				ENABLE_PREVIEWS = YES;
				GENERATE_INFOPLIST_FILE = YES;
				INFOPLIST_KEY_UIApplicationSceneManifest_Generation = YES;
				INFOPLIST_KEY_UIApplicationSupportsIndirectInputEvents = YES;
				INFOPLIST_KEY_UILaunchScreen_Generation = YES;
				INFOPLIST_KEY_UISupportedInterfaceOrientations_iPad = "UIInterfaceOrientationPortrait UIInterfaceOrientationPortraitUpsideDown UIInterfaceOrientationLandscapeLeft UIInterfaceOrientationLandscapeRight";
				INFOPLIST_KEY_UISupportedInterfaceOrientations_iPhone = "UIInterfaceOrientationPortrait UIInterfaceOrientationLandscapeLeft UIInterfaceOrientationLandscapeRight";
				LD_RUNPATH_SEARCH_PATHS = (
					"$(inherited)",
					"@executable_path/Frameworks",
				);
				MARKETING_VERSION = 1.0;
				PRODUCT_BUNDLE_IDENTIFIER = com.demo.app.OvyoSegmentedControlSwiftUIExample;
				PRODUCT_NAME = "$(TARGET_NAME)";
				SWIFT_EMIT_LOC_STRINGS = YES;
				SWIFT_VERSION = 5.0;
				TARGETED_DEVICE_FAMILY = "1,2";
			};
			name = Debug;
		};
		A9A347DB2C18940C00F03B8E /* Release */ = {
			isa = XCBuildConfiguration;
			buildSettings = {
				ASSETCATALOG_COMPILER_APPICON_NAME = AppIcon;
				ASSETCATALOG_COMPILER_GLOBAL_ACCENT_COLOR_NAME = AccentColor;
				CODE_SIGN_STYLE = Automatic;
				CURRENT_PROJECT_VERSION = 1;
				DEVELOPMENT_ASSET_PATHS = "\"OvyoSegmentedControlSwiftUIExample/Preview Content\"";
				DEVELOPMENT_TEAM = 779VENNDZ9;
				ENABLE_PREVIEWS = YES;
				GENERATE_INFOPLIST_FILE = YES;
				INFOPLIST_KEY_UIApplicationSceneManifest_Generation = YES;
				INFOPLIST_KEY_UIApplicationSupportsIndirectInputEvents = YES;
				INFOPLIST_KEY_UILaunchScreen_Generation = YES;
				INFOPLIST_KEY_UISupportedInterfaceOrientations_iPad = "UIInterfaceOrientationPortrait UIInterfaceOrientationPortraitUpsideDown UIInterfaceOrientationLandscapeLeft UIInterfaceOrientationLandscapeRight";
				INFOPLIST_KEY_UISupportedInterfaceOrientations_iPhone = "UIInterfaceOrientationPortrait UIInterfaceOrientationLandscapeLeft UIInterfaceOrientationLandscapeRight";
				LD_RUNPATH_SEARCH_PATHS = (
					"$(inherited)",
					"@executable_path/Frameworks",
				);
				MARKETING_VERSION = 1.0;
				PRODUCT_BUNDLE_IDENTIFIER = com.demo.app.OvyoSegmentedControlSwiftUIExample;
				PRODUCT_NAME = "$(TARGET_NAME)";
				SWIFT_EMIT_LOC_STRINGS = YES;
				SWIFT_VERSION = 5.0;
				TARGETED_DEVICE_FAMILY = "1,2";
			};
			name = Release;
		};
		A9A347DD2C18940C00F03B8E /* Debug */ = {
			isa = XCBuildConfiguration;
			buildSettings = {
				ALWAYS_EMBED_SWIFT_STANDARD_LIBRARIES = YES;
				BUNDLE_LOADER = "$(TEST_HOST)";
				CODE_SIGN_STYLE = Automatic;
				CURRENT_PROJECT_VERSION = 1;
				DEVELOPMENT_TEAM = 779VENNDZ9;
				GENERATE_INFOPLIST_FILE = YES;
				IPHONEOS_DEPLOYMENT_TARGET = 17.2;
				MARKETING_VERSION = 1.0;
				PRODUCT_BUNDLE_IDENTIFIER = com.demo.app.OvyoSegmentedControlSwiftUIExampleTests;
				PRODUCT_NAME = "$(TARGET_NAME)";
				SWIFT_EMIT_LOC_STRINGS = NO;
				SWIFT_VERSION = 5.0;
				TARGETED_DEVICE_FAMILY = "1,2";
				TEST_HOST = "$(BUILT_PRODUCTS_DIR)/OvyoSegmentedControlSwiftUIExample.app/$(BUNDLE_EXECUTABLE_FOLDER_PATH)/OvyoSegmentedControlSwiftUIExample";
			};
			name = Debug;
		};
		A9A347DE2C18940C00F03B8E /* Release */ = {
			isa = XCBuildConfiguration;
			buildSettings = {
				ALWAYS_EMBED_SWIFT_STANDARD_LIBRARIES = YES;
				BUNDLE_LOADER = "$(TEST_HOST)";
				CODE_SIGN_STYLE = Automatic;
				CURRENT_PROJECT_VERSION = 1;
				DEVELOPMENT_TEAM = 779VENNDZ9;
				GENERATE_INFOPLIST_FILE = YES;
				IPHONEOS_DEPLOYMENT_TARGET = 17.2;
				MARKETING_VERSION = 1.0;
				PRODUCT_BUNDLE_IDENTIFIER = com.demo.app.OvyoSegmentedControlSwiftUIExampleTests;
				PRODUCT_NAME = "$(TARGET_NAME)";
				SWIFT_EMIT_LOC_STRINGS = NO;
				SWIFT_VERSION = 5.0;
				TARGETED_DEVICE_FAMILY = "1,2";
				TEST_HOST = "$(BUILT_PRODUCTS_DIR)/OvyoSegmentedControlSwiftUIExample.app/$(BUNDLE_EXECUTABLE_FOLDER_PATH)/OvyoSegmentedControlSwiftUIExample";
			};
			name = Release;
		};
		A9A347E02C18940C00F03B8E /* Debug */ = {
			isa = XCBuildConfiguration;
			buildSettings = {
				ALWAYS_EMBED_SWIFT_STANDARD_LIBRARIES = YES;
				CODE_SIGN_STYLE = Automatic;
				CURRENT_PROJECT_VERSION = 1;
				DEVELOPMENT_TEAM = 779VENNDZ9;
				GENERATE_INFOPLIST_FILE = YES;
				MARKETING_VERSION = 1.0;
				PRODUCT_BUNDLE_IDENTIFIER = com.demo.app.OvyoSegmentedControlSwiftUIExampleUITests;
				PRODUCT_NAME = "$(TARGET_NAME)";
				SWIFT_EMIT_LOC_STRINGS = NO;
				SWIFT_VERSION = 5.0;
				TARGETED_DEVICE_FAMILY = "1,2";
				TEST_TARGET_NAME = OvyoSegmentedControlSwiftUIExample;
			};
			name = Debug;
		};
		A9A347E12C18940C00F03B8E /* Release */ = {
			isa = XCBuildConfiguration;
			buildSettings = {
				ALWAYS_EMBED_SWIFT_STANDARD_LIBRARIES = YES;
				CODE_SIGN_STYLE = Automatic;
				CURRENT_PROJECT_VERSION = 1;
				DEVELOPMENT_TEAM = 779VENNDZ9;
				GENERATE_INFOPLIST_FILE = YES;
				MARKETING_VERSION = 1.0;
				PRODUCT_BUNDLE_IDENTIFIER = com.demo.app.OvyoSegmentedControlSwiftUIExampleUITests;
				PRODUCT_NAME = "$(TARGET_NAME)";
				SWIFT_EMIT_LOC_STRINGS = NO;
				SWIFT_VERSION = 5.0;
				TARGETED_DEVICE_FAMILY = "1,2";
				TEST_TARGET_NAME = OvyoSegmentedControlSwiftUIExample;
			};
			name = Release;
		};
/* End XCBuildConfiguration section */

/* Begin XCConfigurationList section */
		A9A347B02C18940A00F03B8E /* Build configuration list for PBXProject "OvyoSegmentedControlSwiftUIExample" */ = {
			isa = XCConfigurationList;
			buildConfigurations = (
				A9A347D72C18940C00F03B8E /* Debug */,
				A9A347D82C18940C00F03B8E /* Release */,
			);
			defaultConfigurationIsVisible = 0;
			defaultConfigurationName = Release;
		};
		A9A347D92C18940C00F03B8E /* Build configuration list for PBXNativeTarget "OvyoSegmentedControlSwiftUIExample" */ = {
			isa = XCConfigurationList;
			buildConfigurations = (
				A9A347DA2C18940C00F03B8E /* Debug */,
				A9A347DB2C18940C00F03B8E /* Release */,
			);
			defaultConfigurationIsVisible = 0;
			defaultConfigurationName = Release;
		};
		A9A347DC2C18940C00F03B8E /* Build configuration list for PBXNativeTarget "OvyoSegmentedControlSwiftUIExampleTests" */ = {
			isa = XCConfigurationList;
			buildConfigurations = (
				A9A347DD2C18940C00F03B8E /* Debug */,
				A9A347DE2C18940C00F03B8E /* Release */,
			);
			defaultConfigurationIsVisible = 0;
			defaultConfigurationName = Release;
		};
		A9A347DF2C18940C00F03B8E /* Build configuration list for PBXNativeTarget "OvyoSegmentedControlSwiftUIExampleUITests" */ = {
			isa = XCConfigurationList;
			buildConfigurations = (
				A9A347E02C18940C00F03B8E /* Debug */,
				A9A347E12C18940C00F03B8E /* Release */,
			);
			defaultConfigurationIsVisible = 0;
			defaultConfigurationName = Release;
		};
/* End XCConfigurationList section */

/* Begin XCRemoteSwiftPackageReference section */
		A9A347E22C18948900F03B8E /* XCRemoteSwiftPackageReference "OvyoSegmentedControl" */ = {
			isa = XCRemoteSwiftPackageReference;
			repositoryURL = "https://github.com/parveen-khan-ovyo/OvyoSegmentedControl";
			requirement = {
				branch = main;
				kind = branch;
			};
		};
/* End XCRemoteSwiftPackageReference section */

/* Begin XCSwiftPackageProductDependency section */
		A9A347E32C18948900F03B8E /* OvyoSegmentedControlPackage */ = {
			isa = XCSwiftPackageProductDependency;
			package = A9A347E22C18948900F03B8E /* XCRemoteSwiftPackageReference "OvyoSegmentedControl" */;
			productName = OvyoSegmentedControlPackage;
		};
/* End XCSwiftPackageProductDependency section */
	};
	rootObject = A9A347AD2C18940A00F03B8E /* Project object */;
}
