// !$*UTF8*$!
{
	archiveVersion = 1;
	classes = {
	};
	objectVersion = 56;
	objects = {

/* Begin PBXBuildFile section */
		A94CA7462C0EDE2B00DD2935 /* AppDelegate.swift in Sources */ = {isa = PBXBuildFile; fileRef = A94CA7452C0EDE2B00DD2935 /* AppDelegate.swift */; };
		A94CA7482C0EDE2B00DD2935 /* SceneDelegate.swift in Sources */ = {isa = PBXBuildFile; fileRef = A94CA7472C0EDE2B00DD2935 /* SceneDelegate.swift */; };
		A94CA74A2C0EDE2B00DD2935 /* ViewController.swift in Sources */ = {isa = PBXBuildFile; fileRef = A94CA7492C0EDE2B00DD2935 /* ViewController.swift */; };
		A94CA74D2C0EDE2B00DD2935 /* Main.storyboard in Resources */ = {isa = PBXBuildFile; fileRef = A94CA74B2C0EDE2B00DD2935 /* Main.storyboard */; };
		A94CA74F2C0EDE2C00DD2935 /* Assets.xcassets in Resources */ = {isa = PBXBuildFile; fileRef = A94CA74E2C0EDE2C00DD2935 /* Assets.xcassets */; };
		A94CA7522C0EDE2C00DD2935 /* LaunchScreen.storyboard in Resources */ = {isa = PBXBuildFile; fileRef = A94CA7502C0EDE2C00DD2935 /* LaunchScreen.storyboard */; };
		A94CA75D2C0EDE2C00DD2935 /* OvyoSegmentedControlExampleTests.swift in Sources */ = {isa = PBXBuildFile; fileRef = A94CA75C2C0EDE2C00DD2935 /* OvyoSegmentedControlExampleTests.swift */; };
		A94CA7672C0EDE2C00DD2935 /* OvyoSegmentedControlExampleUITests.swift in Sources */ = {isa = PBXBuildFile; fileRef = A94CA7662C0EDE2C00DD2935 /* OvyoSegmentedControlExampleUITests.swift */; };
		A94CA7692C0EDE2C00DD2935 /* OvyoSegmentedControlExampleUITestsLaunchTests.swift in Sources */ = {isa = PBXBuildFile; fileRef = A94CA7682C0EDE2C00DD2935 /* OvyoSegmentedControlExampleUITestsLaunchTests.swift */; };
/* End PBXBuildFile section */

/* Begin PBXContainerItemProxy section */
		A94CA7592C0EDE2C00DD2935 /* PBXContainerItemProxy */ = {
			isa = PBXContainerItemProxy;
			containerPortal = A94CA73A2C0EDE2B00DD2935 /* Project object */;
			proxyType = 1;
			remoteGlobalIDString = A94CA7412C0EDE2B00DD2935;
			remoteInfo = OvyoSegmentedControlExample;
		};
		A94CA7632C0EDE2C00DD2935 /* PBXContainerItemProxy */ = {
			isa = PBXContainerItemProxy;
			containerPortal = A94CA73A2C0EDE2B00DD2935 /* Project object */;
			proxyType = 1;
			remoteGlobalIDString = A94CA7412C0EDE2B00DD2935;
			remoteInfo = OvyoSegmentedControlExample;
		};
/* End PBXContainerItemProxy section */

/* Begin PBXFileReference section */
		A94CA7422C0EDE2B00DD2935 /* OvyoSegmentedControlExample.app */ = {isa = PBXFileReference; explicitFileType = wrapper.application; includeInIndex = 0; path = OvyoSegmentedControlExample.app; sourceTree = BUILT_PRODUCTS_DIR; };
		A94CA7452C0EDE2B00DD2935 /* AppDelegate.swift */ = {isa = PBXFileReference; lastKnownFileType = sourcecode.swift; path = AppDelegate.swift; sourceTree = "<group>"; };
		A94CA7472C0EDE2B00DD2935 /* SceneDelegate.swift */ = {isa = PBXFileReference; lastKnownFileType = sourcecode.swift; path = SceneDelegate.swift; sourceTree = "<group>"; };
		A94CA7492C0EDE2B00DD2935 /* ViewController.swift */ = {isa = PBXFileReference; lastKnownFileType = sourcecode.swift; path = ViewController.swift; sourceTree = "<group>"; };
		A94CA74C2C0EDE2B00DD2935 /* Base */ = {isa = PBXFileReference; lastKnownFileType = file.storyboard; name = Base; path = Base.lproj/Main.storyboard; sourceTree = "<group>"; };
		A94CA74E2C0EDE2C00DD2935 /* Assets.xcassets */ = {isa = PBXFileReference; lastKnownFileType = folder.assetcatalog; path = Assets.xcassets; sourceTree = "<group>"; };
		A94CA7512C0EDE2C00DD2935 /* Base */ = {isa = PBXFileReference; lastKnownFileType = file.storyboard; name = Base; path = Base.lproj/LaunchScreen.storyboard; sourceTree = "<group>"; };
		A94CA7532C0EDE2C00DD2935 /* Info.plist */ = {isa = PBXFileReference; lastKnownFileType = text.plist.xml; path = Info.plist; sourceTree = "<group>"; };
		A94CA7582C0EDE2C00DD2935 /* OvyoSegmentedControlExampleTests.xctest */ = {isa = PBXFileReference; explicitFileType = wrapper.cfbundle; includeInIndex = 0; path = OvyoSegmentedControlExampleTests.xctest; sourceTree = BUILT_PRODUCTS_DIR; };
		A94CA75C2C0EDE2C00DD2935 /* OvyoSegmentedControlExampleTests.swift */ = {isa = PBXFileReference; lastKnownFileType = sourcecode.swift; path = OvyoSegmentedControlExampleTests.swift; sourceTree = "<group>"; };
		A94CA7622C0EDE2C00DD2935 /* OvyoSegmentedControlExampleUITests.xctest */ = {isa = PBXFileReference; explicitFileType = wrapper.cfbundle; includeInIndex = 0; path = OvyoSegmentedControlExampleUITests.xctest; sourceTree = BUILT_PRODUCTS_DIR; };
		A94CA7662C0EDE2C00DD2935 /* OvyoSegmentedControlExampleUITests.swift */ = {isa = PBXFileReference; lastKnownFileType = sourcecode.swift; path = OvyoSegmentedControlExampleUITests.swift; sourceTree = "<group>"; };
		A94CA7682C0EDE2C00DD2935 /* OvyoSegmentedControlExampleUITestsLaunchTests.swift */ = {isa = PBXFileReference; lastKnownFileType = sourcecode.swift; path = OvyoSegmentedControlExampleUITestsLaunchTests.swift; sourceTree = "<group>"; };
/* End PBXFileReference section */

/* Begin PBXFrameworksBuildPhase section */
		A94CA73F2C0EDE2B00DD2935 /* Frameworks */ = {
			isa = PBXFrameworksBuildPhase;
			buildActionMask = 2147483647;
			files = (
			);
			runOnlyForDeploymentPostprocessing = 0;
		};
		A94CA7552C0EDE2C00DD2935 /* Frameworks */ = {
			isa = PBXFrameworksBuildPhase;
			buildActionMask = 2147483647;
			files = (
			);
			runOnlyForDeploymentPostprocessing = 0;
		};
		A94CA75F2C0EDE2C00DD2935 /* Frameworks */ = {
			isa = PBXFrameworksBuildPhase;
			buildActionMask = 2147483647;
			files = (
			);
			runOnlyForDeploymentPostprocessing = 0;
		};
/* End PBXFrameworksBuildPhase section */

/* Begin PBXGroup section */
		A94CA7392C0EDE2B00DD2935 = {
			isa = PBXGroup;
			children = (
				A94CA7442C0EDE2B00DD2935 /* OvyoSegmentedControlExample */,
				A94CA75B2C0EDE2C00DD2935 /* OvyoSegmentedControlExampleTests */,
				A94CA7652C0EDE2C00DD2935 /* OvyoSegmentedControlExampleUITests */,
				A94CA7432C0EDE2B00DD2935 /* Products */,
			);
			sourceTree = "<group>";
		};
		A94CA7432C0EDE2B00DD2935 /* Products */ = {
			isa = PBXGroup;
			children = (
				A94CA7422C0EDE2B00DD2935 /* OvyoSegmentedControlExample.app */,
				A94CA7582C0EDE2C00DD2935 /* OvyoSegmentedControlExampleTests.xctest */,
				A94CA7622C0EDE2C00DD2935 /* OvyoSegmentedControlExampleUITests.xctest */,
			);
			name = Products;
			sourceTree = "<group>";
		};
		A94CA7442C0EDE2B00DD2935 /* OvyoSegmentedControlExample */ = {
			isa = PBXGroup;
			children = (
				A94CA7452C0EDE2B00DD2935 /* AppDelegate.swift */,
				A94CA7472C0EDE2B00DD2935 /* SceneDelegate.swift */,
				A94CA7492C0EDE2B00DD2935 /* ViewController.swift */,
				A94CA74B2C0EDE2B00DD2935 /* Main.storyboard */,
				A94CA74E2C0EDE2C00DD2935 /* Assets.xcassets */,
				A94CA7502C0EDE2C00DD2935 /* LaunchScreen.storyboard */,
				A94CA7532C0EDE2C00DD2935 /* Info.plist */,
			);
			path = OvyoSegmentedControlExample;
			sourceTree = "<group>";
		};
		A94CA75B2C0EDE2C00DD2935 /* OvyoSegmentedControlExampleTests */ = {
			isa = PBXGroup;
			children = (
				A94CA75C2C0EDE2C00DD2935 /* OvyoSegmentedControlExampleTests.swift */,
			);
			path = OvyoSegmentedControlExampleTests;
			sourceTree = "<group>";
		};
		A94CA7652C0EDE2C00DD2935 /* OvyoSegmentedControlExampleUITests */ = {
			isa = PBXGroup;
			children = (
				A94CA7662C0EDE2C00DD2935 /* OvyoSegmentedControlExampleUITests.swift */,
				A94CA7682C0EDE2C00DD2935 /* OvyoSegmentedControlExampleUITestsLaunchTests.swift */,
			);
			path = OvyoSegmentedControlExampleUITests;
			sourceTree = "<group>";
		};
/* End PBXGroup section */

/* Begin PBXNativeTarget section */
		A94CA7412C0EDE2B00DD2935 /* OvyoSegmentedControlExample */ = {
			isa = PBXNativeTarget;
			buildConfigurationList = A94CA76C2C0EDE2C00DD2935 /* Build configuration list for PBXNativeTarget "OvyoSegmentedControlExample" */;
			buildPhases = (
				A94CA73E2C0EDE2B00DD2935 /* Sources */,
				A94CA73F2C0EDE2B00DD2935 /* Frameworks */,
				A94CA7402C0EDE2B00DD2935 /* Resources */,
			);
			buildRules = (
			);
			dependencies = (
			);
			name = OvyoSegmentedControlExample;
			productName = OvyoSegmentedControlExample;
			productReference = A94CA7422C0EDE2B00DD2935 /* OvyoSegmentedControlExample.app */;
			productType = "com.apple.product-type.application";
		};
		A94CA7572C0EDE2C00DD2935 /* OvyoSegmentedControlExampleTests */ = {
			isa = PBXNativeTarget;
			buildConfigurationList = A94CA76F2C0EDE2C00DD2935 /* Build configuration list for PBXNativeTarget "OvyoSegmentedControlExampleTests" */;
			buildPhases = (
				A94CA7542C0EDE2C00DD2935 /* Sources */,
				A94CA7552C0EDE2C00DD2935 /* Frameworks */,
				A94CA7562C0EDE2C00DD2935 /* Resources */,
			);
			buildRules = (
			);
			dependencies = (
				A94CA75A2C0EDE2C00DD2935 /* PBXTargetDependency */,
			);
			name = OvyoSegmentedControlExampleTests;
			productName = OvyoSegmentedControlExampleTests;
			productReference = A94CA7582C0EDE2C00DD2935 /* OvyoSegmentedControlExampleTests.xctest */;
			productType = "com.apple.product-type.bundle.unit-test";
		};
		A94CA7612C0EDE2C00DD2935 /* OvyoSegmentedControlExampleUITests */ = {
			isa = PBXNativeTarget;
			buildConfigurationList = A94CA7722C0EDE2C00DD2935 /* Build configuration list for PBXNativeTarget "OvyoSegmentedControlExampleUITests" */;
			buildPhases = (
				A94CA75E2C0EDE2C00DD2935 /* Sources */,
				A94CA75F2C0EDE2C00DD2935 /* Frameworks */,
				A94CA7602C0EDE2C00DD2935 /* Resources */,
			);
			buildRules = (
			);
			dependencies = (
				A94CA7642C0EDE2C00DD2935 /* PBXTargetDependency */,
			);
			name = OvyoSegmentedControlExampleUITests;
			productName = OvyoSegmentedControlExampleUITests;
			productReference = A94CA7622C0EDE2C00DD2935 /* OvyoSegmentedControlExampleUITests.xctest */;
			productType = "com.apple.product-type.bundle.ui-testing";
		};
/* End PBXNativeTarget section */

/* Begin PBXProject section */
		A94CA73A2C0EDE2B00DD2935 /* Project object */ = {
			isa = PBXProject;
			attributes = {
				BuildIndependentTargetsInParallel = 1;
				LastSwiftUpdateCheck = 1520;
				LastUpgradeCheck = 1520;
				TargetAttributes = {
					A94CA7412C0EDE2B00DD2935 = {
						CreatedOnToolsVersion = 15.2;
					};
					A94CA7572C0EDE2C00DD2935 = {
						CreatedOnToolsVersion = 15.2;
						TestTargetID = A94CA7412C0EDE2B00DD2935;
					};
					A94CA7612C0EDE2C00DD2935 = {
						CreatedOnToolsVersion = 15.2;
						TestTargetID = A94CA7412C0EDE2B00DD2935;
					};
				};
			};
			buildConfigurationList = A94CA73D2C0EDE2B00DD2935 /* Build configuration list for PBXProject "OvyoSegmentedControlExample" */;
			compatibilityVersion = "Xcode 14.0";
			developmentRegion = en;
			hasScannedForEncodings = 0;
			knownRegions = (
				en,
				Base,
			);
			mainGroup = A94CA7392C0EDE2B00DD2935;
			productRefGroup = A94CA7432C0EDE2B00DD2935 /* Products */;
			projectDirPath = "";
			projectRoot = "";
			targets = (
				A94CA7412C0EDE2B00DD2935 /* OvyoSegmentedControlExample */,
				A94CA7572C0EDE2C00DD2935 /* OvyoSegmentedControlExampleTests */,
				A94CA7612C0EDE2C00DD2935 /* OvyoSegmentedControlExampleUITests */,
			);
		};
/* End PBXProject section */

/* Begin PBXResourcesBuildPhase section */
		A94CA7402C0EDE2B00DD2935 /* Resources */ = {
			isa = PBXResourcesBuildPhase;
			buildActionMask = 2147483647;
			files = (
				A94CA7522C0EDE2C00DD2935 /* LaunchScreen.storyboard in Resources */,
				A94CA74F2C0EDE2C00DD2935 /* Assets.xcassets in Resources */,
				A94CA74D2C0EDE2B00DD2935 /* Main.storyboard in Resources */,
			);
			runOnlyForDeploymentPostprocessing = 0;
		};
		A94CA7562C0EDE2C00DD2935 /* Resources */ = {
			isa = PBXResourcesBuildPhase;
			buildActionMask = 2147483647;
			files = (
			);
			runOnlyForDeploymentPostprocessing = 0;
		};
		A94CA7602C0EDE2C00DD2935 /* Resources */ = {
			isa = PBXResourcesBuildPhase;
			buildActionMask = 2147483647;
			files = (
			);
			runOnlyForDeploymentPostprocessing = 0;
		};
/* End PBXResourcesBuildPhase section */

/* Begin PBXSourcesBuildPhase section */
		A94CA73E2C0EDE2B00DD2935 /* Sources */ = {
			isa = PBXSourcesBuildPhase;
			buildActionMask = 2147483647;
			files = (
				A94CA74A2C0EDE2B00DD2935 /* ViewController.swift in Sources */,
				A94CA7462C0EDE2B00DD2935 /* AppDelegate.swift in Sources */,
				A94CA7482C0EDE2B00DD2935 /* SceneDelegate.swift in Sources */,
			);
			runOnlyForDeploymentPostprocessing = 0;
		};
		A94CA7542C0EDE2C00DD2935 /* Sources */ = {
			isa = PBXSourcesBuildPhase;
			buildActionMask = 2147483647;
			files = (
				A94CA75D2C0EDE2C00DD2935 /* OvyoSegmentedControlExampleTests.swift in Sources */,
			);
			runOnlyForDeploymentPostprocessing = 0;
		};
		A94CA75E2C0EDE2C00DD2935 /* Sources */ = {
			isa = PBXSourcesBuildPhase;
			buildActionMask = 2147483647;
			files = (
				A94CA7672C0EDE2C00DD2935 /* OvyoSegmentedControlExampleUITests.swift in Sources */,
				A94CA7692C0EDE2C00DD2935 /* OvyoSegmentedControlExampleUITestsLaunchTests.swift in Sources */,
			);
			runOnlyForDeploymentPostprocessing = 0;
		};
/* End PBXSourcesBuildPhase section */

/* Begin PBXTargetDependency section */
		A94CA75A2C0EDE2C00DD2935 /* PBXTargetDependency */ = {
			isa = PBXTargetDependency;
			target = A94CA7412C0EDE2B00DD2935 /* OvyoSegmentedControlExample */;
			targetProxy = A94CA7592C0EDE2C00DD2935 /* PBXContainerItemProxy */;
		};
		A94CA7642C0EDE2C00DD2935 /* PBXTargetDependency */ = {
			isa = PBXTargetDependency;
			target = A94CA7412C0EDE2B00DD2935 /* OvyoSegmentedControlExample */;
			targetProxy = A94CA7632C0EDE2C00DD2935 /* PBXContainerItemProxy */;
		};
/* End PBXTargetDependency section */

/* Begin PBXVariantGroup section */
		A94CA74B2C0EDE2B00DD2935 /* Main.storyboard */ = {
			isa = PBXVariantGroup;
			children = (
				A94CA74C2C0EDE2B00DD2935 /* Base */,
			);
			name = Main.storyboard;
			sourceTree = "<group>";
		};
		A94CA7502C0EDE2C00DD2935 /* LaunchScreen.storyboard */ = {
			isa = PBXVariantGroup;
			children = (
				A94CA7512C0EDE2C00DD2935 /* Base */,
			);
			name = LaunchScreen.storyboard;
			sourceTree = "<group>";
		};
/* End PBXVariantGroup section */

/* Begin XCBuildConfiguration section */
		A94CA76A2C0EDE2C00DD2935 /* Debug */ = {
			isa = XCBuildConfiguration;
			buildSettings = {
				ALWAYS_SEARCH_USER_PATHS = NO;
				ASSETCATALOG_COMPILER_GENERATE_SWIFT_ASSET_SYMBOL_EXTENSIONS = YES;
				CLANG_ANALYZER_NONNULL = YES;
				CLANG_ANALYZER_NUMBER_OBJECT_CONVERSION = YES_AGGRESSIVE;
				CLANG_CXX_LANGUAGE_STANDARD = "gnu++20";
				CLANG_ENABLE_MODULES = YES;
				CLANG_ENABLE_OBJC_ARC = YES;
				CLANG_ENABLE_OBJC_WEAK = YES;
				CLANG_WARN_BLOCK_CAPTURE_AUTORELEASING = YES;
				CLANG_WARN_BOOL_CONVERSION = YES;
				CLANG_WARN_COMMA = YES;
				CLANG_WARN_CONSTANT_CONVERSION = YES;
				CLANG_WARN_DEPRECATED_OBJC_IMPLEMENTATIONS = YES;
				CLANG_WARN_DIRECT_OBJC_ISA_USAGE = YES_ERROR;
				CLANG_WARN_DOCUMENTATION_COMMENTS = YES;
				CLANG_WARN_EMPTY_BODY = YES;
				CLANG_WARN_ENUM_CONVERSION = YES;
				CLANG_WARN_INFINITE_RECURSION = YES;
				CLANG_WARN_INT_CONVERSION = YES;
				CLANG_WARN_NON_LITERAL_NULL_CONVERSION = YES;
				CLANG_WARN_OBJC_IMPLICIT_RETAIN_SELF = YES;
				CLANG_WARN_OBJC_LITERAL_CONVERSION = YES;
				CLANG_WARN_OBJC_ROOT_CLASS = YES_ERROR;
				CLANG_WARN_QUOTED_INCLUDE_IN_FRAMEWORK_HEADER = YES;
				CLANG_WARN_RANGE_LOOP_ANALYSIS = YES;
				CLANG_WARN_STRICT_PROTOTYPES = YES;
				CLANG_WARN_SUSPICIOUS_MOVE = YES;
				CLANG_WARN_UNGUARDED_AVAILABILITY = YES_AGGRESSIVE;
				CLANG_WARN_UNREACHABLE_CODE = YES;
				CLANG_WARN__DUPLICATE_METHOD_MATCH = YES;
				COPY_PHASE_STRIP = NO;
				DEBUG_INFORMATION_FORMAT = dwarf;
				ENABLE_STRICT_OBJC_MSGSEND = YES;
				ENABLE_TESTABILITY = YES;
				ENABLE_USER_SCRIPT_SANDBOXING = YES;
				GCC_C_LANGUAGE_STANDARD = gnu17;
				GCC_DYNAMIC_NO_PIC = NO;
				GCC_NO_COMMON_BLOCKS = YES;
				GCC_OPTIMIZATION_LEVEL = 0;
				GCC_PREPROCESSOR_DEFINITIONS = (
					"DEBUG=1",
					"$(inherited)",
				);
				GCC_WARN_64_TO_32_BIT_CONVERSION = YES;
				GCC_WARN_ABOUT_RETURN_TYPE = YES_ERROR;
				GCC_WARN_UNDECLARED_SELECTOR = YES;
				GCC_WARN_UNINITIALIZED_AUTOS = YES_AGGRESSIVE;
				GCC_WARN_UNUSED_FUNCTION = YES;
				GCC_WARN_UNUSED_VARIABLE = YES;
				IPHONEOS_DEPLOYMENT_TARGET = 17.2;
				LOCALIZATION_PREFERS_STRING_CATALOGS = YES;
				MTL_ENABLE_DEBUG_INFO = INCLUDE_SOURCE;
				MTL_FAST_MATH = YES;
				ONLY_ACTIVE_ARCH = YES;
				SDKROOT = iphoneos;
				SWIFT_ACTIVE_COMPILATION_CONDITIONS = "DEBUG $(inherited)";
				SWIFT_OPTIMIZATION_LEVEL = "-Onone";
			};
			name = Debug;
		};
		A94CA76B2C0EDE2C00DD2935 /* Release */ = {
			isa = XCBuildConfiguration;
			buildSettings = {
				ALWAYS_SEARCH_USER_PATHS = NO;
				ASSETCATALOG_COMPILER_GENERATE_SWIFT_ASSET_SYMBOL_EXTENSIONS = YES;
				CLANG_ANALYZER_NONNULL = YES;
				CLANG_ANALYZER_NUMBER_OBJECT_CONVERSION = YES_AGGRESSIVE;
				CLANG_CXX_LANGUAGE_STANDARD = "gnu++20";
				CLANG_ENABLE_MODULES = YES;
				CLANG_ENABLE_OBJC_ARC = YES;
				CLANG_ENABLE_OBJC_WEAK = YES;
				CLANG_WARN_BLOCK_CAPTURE_AUTORELEASING = YES;
				CLANG_WARN_BOOL_CONVERSION = YES;
				CLANG_WARN_COMMA = YES;
				CLANG_WARN_CONSTANT_CONVERSION = YES;
				CLANG_WARN_DEPRECATED_OBJC_IMPLEMENTATIONS = YES;
				CLANG_WARN_DIRECT_OBJC_ISA_USAGE = YES_ERROR;
				CLANG_WARN_DOCUMENTATION_COMMENTS = YES;
				CLANG_WARN_EMPTY_BODY = YES;
				CLANG_WARN_ENUM_CONVERSION = YES;
				CLANG_WARN_INFINITE_RECURSION = YES;
				CLANG_WARN_INT_CONVERSION = YES;
				CLANG_WARN_NON_LITERAL_NULL_CONVERSION = YES;
				CLANG_WARN_OBJC_IMPLICIT_RETAIN_SELF = YES;
				CLANG_WARN_OBJC_LITERAL_CONVERSION = YES;
				CLANG_WARN_OBJC_ROOT_CLASS = YES_ERROR;
				CLANG_WARN_QUOTED_INCLUDE_IN_FRAMEWORK_HEADER = YES;
				CLANG_WARN_RANGE_LOOP_ANALYSIS = YES;
				CLANG_WARN_STRICT_PROTOTYPES = YES;
				CLANG_WARN_SUSPICIOUS_MOVE = YES;
				CLANG_WARN_UNGUARDED_AVAILABILITY = YES_AGGRESSIVE;
				CLANG_WARN_UNREACHABLE_CODE = YES;
				CLANG_WARN__DUPLICATE_METHOD_MATCH = YES;
				COPY_PHASE_STRIP = NO;
				DEBUG_INFORMATION_FORMAT = "dwarf-with-dsym";
				ENABLE_NS_ASSERTIONS = NO;
				ENABLE_STRICT_OBJC_MSGSEND = YES;
				ENABLE_USER_SCRIPT_SANDBOXING = YES;
				GCC_C_LANGUAGE_STANDARD = gnu17;
				GCC_NO_COMMON_BLOCKS = YES;
				GCC_WARN_64_TO_32_BIT_CONVERSION = YES;
				GCC_WARN_ABOUT_RETURN_TYPE = YES_ERROR;
				GCC_WARN_UNDECLARED_SELECTOR = YES;
				GCC_WARN_UNINITIALIZED_AUTOS = YES_AGGRESSIVE;
				GCC_WARN_UNUSED_FUNCTION = YES;
				GCC_WARN_UNUSED_VARIABLE = YES;
				IPHONEOS_DEPLOYMENT_TARGET = 17.2;
				LOCALIZATION_PREFERS_STRING_CATALOGS = YES;
				MTL_ENABLE_DEBUG_INFO = NO;
				MTL_FAST_MATH = YES;
				SDKROOT = iphoneos;
				SWIFT_COMPILATION_MODE = wholemodule;
				VALIDATE_PRODUCT = YES;
			};
			name = Release;
		};
		A94CA76D2C0EDE2C00DD2935 /* Debug */ = {
			isa = XCBuildConfiguration;
			buildSettings = {
				ASSETCATALOG_COMPILER_APPICON_NAME = AppIcon;
				ASSETCATALOG_COMPILER_GLOBAL_ACCENT_COLOR_NAME = AccentColor;
				CODE_SIGN_STYLE = Automatic;
				CURRENT_PROJECT_VERSION = 1;
				DEVELOPMENT_TEAM = 779VENNDZ9;
				GENERATE_INFOPLIST_FILE = YES;
				INFOPLIST_FILE = OvyoSegmentedControlExample/Info.plist;
				INFOPLIST_KEY_UIApplicationSupportsIndirectInputEvents = YES;
				INFOPLIST_KEY_UILaunchStoryboardName = LaunchScreen;
				INFOPLIST_KEY_UIMainStoryboardFile = Main;
				INFOPLIST_KEY_UISupportedInterfaceOrientations_iPad = "UIInterfaceOrientationPortrait UIInterfaceOrientationPortraitUpsideDown UIInterfaceOrientationLandscapeLeft UIInterfaceOrientationLandscapeRight";
				INFOPLIST_KEY_UISupportedInterfaceOrientations_iPhone = "UIInterfaceOrientationPortrait UIInterfaceOrientationLandscapeLeft UIInterfaceOrientationLandscapeRight";
				LD_RUNPATH_SEARCH_PATHS = (
					"$(inherited)",
					"@executable_path/Frameworks",
				);
				MARKETING_VERSION = 1.0;
				PRODUCT_BUNDLE_IDENTIFIER = com.demo.app.OvyoSegmentedControlExample;
				PRODUCT_NAME = "$(TARGET_NAME)";
				SWIFT_EMIT_LOC_STRINGS = YES;
				SWIFT_VERSION = 5.0;
				TARGETED_DEVICE_FAMILY = "1,2";
			};
			name = Debug;
		};
		A94CA76E2C0EDE2C00DD2935 /* Release */ = {
			isa = XCBuildConfiguration;
			buildSettings = {
				ASSETCATALOG_COMPILER_APPICON_NAME = AppIcon;
				ASSETCATALOG_COMPILER_GLOBAL_ACCENT_COLOR_NAME = AccentColor;
				CODE_SIGN_STYLE = Automatic;
				CURRENT_PROJECT_VERSION = 1;
				DEVELOPMENT_TEAM = 779VENNDZ9;
				GENERATE_INFOPLIST_FILE = YES;
				INFOPLIST_FILE = OvyoSegmentedControlExample/Info.plist;
				INFOPLIST_KEY_UIApplicationSupportsIndirectInputEvents = YES;
				INFOPLIST_KEY_UILaunchStoryboardName = LaunchScreen;
				INFOPLIST_KEY_UIMainStoryboardFile = Main;
				INFOPLIST_KEY_UISupportedInterfaceOrientations_iPad = "UIInterfaceOrientationPortrait UIInterfaceOrientationPortraitUpsideDown UIInterfaceOrientationLandscapeLeft UIInterfaceOrientationLandscapeRight";
				INFOPLIST_KEY_UISupportedInterfaceOrientations_iPhone = "UIInterfaceOrientationPortrait UIInterfaceOrientationLandscapeLeft UIInterfaceOrientationLandscapeRight";
				LD_RUNPATH_SEARCH_PATHS = (
					"$(inherited)",
					"@executable_path/Frameworks",
				);
				MARKETING_VERSION = 1.0;
				PRODUCT_BUNDLE_IDENTIFIER = com.demo.app.OvyoSegmentedControlExample;
				PRODUCT_NAME = "$(TARGET_NAME)";
				SWIFT_EMIT_LOC_STRINGS = YES;
				SWIFT_VERSION = 5.0;
				TARGETED_DEVICE_FAMILY = "1,2";
			};
			name = Release;
		};
		A94CA7702C0EDE2C00DD2935 /* Debug */ = {
			isa = XCBuildConfiguration;
			buildSettings = {
				ALWAYS_EMBED_SWIFT_STANDARD_LIBRARIES = YES;
				BUNDLE_LOADER = "$(TEST_HOST)";
				CODE_SIGN_STYLE = Automatic;
				CURRENT_PROJECT_VERSION = 1;
				DEVELOPMENT_TEAM = 779VENNDZ9;
				GENERATE_INFOPLIST_FILE = YES;
				IPHONEOS_DEPLOYMENT_TARGET = 17.2;
				MARKETING_VERSION = 1.0;
				PRODUCT_BUNDLE_IDENTIFIER = com.demo.app.OvyoSegmentedControlExampleTests;
				PRODUCT_NAME = "$(TARGET_NAME)";
				SWIFT_EMIT_LOC_STRINGS = NO;
				SWIFT_VERSION = 5.0;
				TARGETED_DEVICE_FAMILY = "1,2";
				TEST_HOST = "$(BUILT_PRODUCTS_DIR)/OvyoSegmentedControlExample.app/$(BUNDLE_EXECUTABLE_FOLDER_PATH)/OvyoSegmentedControlExample";
			};
			name = Debug;
		};
		A94CA7712C0EDE2C00DD2935 /* Release */ = {
			isa = XCBuildConfiguration;
			buildSettings = {
				ALWAYS_EMBED_SWIFT_STANDARD_LIBRARIES = YES;
				BUNDLE_LOADER = "$(TEST_HOST)";
				CODE_SIGN_STYLE = Automatic;
				CURRENT_PROJECT_VERSION = 1;
				DEVELOPMENT_TEAM = 779VENNDZ9;
				GENERATE_INFOPLIST_FILE = YES;
				IPHONEOS_DEPLOYMENT_TARGET = 17.2;
				MARKETING_VERSION = 1.0;
				PRODUCT_BUNDLE_IDENTIFIER = com.demo.app.OvyoSegmentedControlExampleTests;
				PRODUCT_NAME = "$(TARGET_NAME)";
				SWIFT_EMIT_LOC_STRINGS = NO;
				SWIFT_VERSION = 5.0;
				TARGETED_DEVICE_FAMILY = "1,2";
				TEST_HOST = "$(BUILT_PRODUCTS_DIR)/OvyoSegmentedControlExample.app/$(BUNDLE_EXECUTABLE_FOLDER_PATH)/OvyoSegmentedControlExample";
			};
			name = Release;
		};
		A94CA7732C0EDE2C00DD2935 /* Debug */ = {
			isa = XCBuildConfiguration;
			buildSettings = {
				ALWAYS_EMBED_SWIFT_STANDARD_LIBRARIES = YES;
				CODE_SIGN_STYLE = Automatic;
				CURRENT_PROJECT_VERSION = 1;
				DEVELOPMENT_TEAM = 779VENNDZ9;
				GENERATE_INFOPLIST_FILE = YES;
				MARKETING_VERSION = 1.0;
				PRODUCT_BUNDLE_IDENTIFIER = com.demo.app.OvyoSegmentedControlExampleUITests;
				PRODUCT_NAME = "$(TARGET_NAME)";
				SWIFT_EMIT_LOC_STRINGS = NO;
				SWIFT_VERSION = 5.0;
				TARGETED_DEVICE_FAMILY = "1,2";
				TEST_TARGET_NAME = OvyoSegmentedControlExample;
			};
			name = Debug;
		};
		A94CA7742C0EDE2C00DD2935 /* Release */ = {
			isa = XCBuildConfiguration;
			buildSettings = {
				ALWAYS_EMBED_SWIFT_STANDARD_LIBRARIES = YES;
				CODE_SIGN_STYLE = Automatic;
				CURRENT_PROJECT_VERSION = 1;
				DEVELOPMENT_TEAM = 779VENNDZ9;
				GENERATE_INFOPLIST_FILE = YES;
				MARKETING_VERSION = 1.0;
				PRODUCT_BUNDLE_IDENTIFIER = com.demo.app.OvyoSegmentedControlExampleUITests;
				PRODUCT_NAME = "$(TARGET_NAME)";
				SWIFT_EMIT_LOC_STRINGS = NO;
				SWIFT_VERSION = 5.0;
				TARGETED_DEVICE_FAMILY = "1,2";
				TEST_TARGET_NAME = OvyoSegmentedControlExample;
			};
			name = Release;
		};
/* End XCBuildConfiguration section */

/* Begin XCConfigurationList section */
		A94CA73D2C0EDE2B00DD2935 /* Build configuration list for PBXProject "OvyoSegmentedControlExample" */ = {
			isa = XCConfigurationList;
			buildConfigurations = (
				A94CA76A2C0EDE2C00DD2935 /* Debug */,
				A94CA76B2C0EDE2C00DD2935 /* Release */,
			);
			defaultConfigurationIsVisible = 0;
			defaultConfigurationName = Release;
		};
		A94CA76C2C0EDE2C00DD2935 /* Build configuration list for PBXNativeTarget "OvyoSegmentedControlExample" */ = {
			isa = XCConfigurationList;
			buildConfigurations = (
				A94CA76D2C0EDE2C00DD2935 /* Debug */,
				A94CA76E2C0EDE2C00DD2935 /* Release */,
			);
			defaultConfigurationIsVisible = 0;
			defaultConfigurationName = Release;
		};
		A94CA76F2C0EDE2C00DD2935 /* Build configuration list for PBXNativeTarget "OvyoSegmentedControlExampleTests" */ = {
			isa = XCConfigurationList;
			buildConfigurations = (
				A94CA7702C0EDE2C00DD2935 /* Debug */,
				A94CA7712C0EDE2C00DD2935 /* Release */,
			);
			defaultConfigurationIsVisible = 0;
			defaultConfigurationName = Release;
		};
		A94CA7722C0EDE2C00DD2935 /* Build configuration list for PBXNativeTarget "OvyoSegmentedControlExampleUITests" */ = {
			isa = XCConfigurationList;
			buildConfigurations = (
				A94CA7732C0EDE2C00DD2935 /* Debug */,
				A94CA7742C0EDE2C00DD2935 /* Release */,
			);
			defaultConfigurationIsVisible = 0;
			defaultConfigurationName = Release;
		};
/* End XCConfigurationList section */
	};
	rootObject = A94CA73A2C0EDE2B00DD2935 /* Project object */;
}
